
Microsoft Visual Studio Solution File, Format Version 12.00
# Visual Studio 15
VisualStudioVersion = 15.0.26124.0
MinimumVisualStudioVersion = 15.0.26124.0
Project("{F2A71F9B-5D33-465A-A702-920D77279786}") = "consoleApp", "consoleApp\consoleApp.fsproj", "{4FAD19E8-3471-4CD1-AF9B-62FECE306460}"
EndProject
Project("{F2A71F9B-5D33-465A-A702-920D77279786}") = "library", "library\library.fsproj", "{4C956B05-64DC-43D6-8647-488C6E0E9C08}"
EndProject
Project("{FAE04EC0-301F-11D3-BF4B-00C04F79EFBC}") = "consoleAppC", "consoleAppC\consoleAppC.csproj", "{6DCF6BE9-43ED-4B57-8304-074978BD0556}"
EndProject
Global
	GlobalSection(SolutionConfigurationPlatforms) = preSolution
		Debug|Any CPU = Debug|Any CPU
		Debug|x64 = Debug|x64
		Debug|x86 = Debug|x86
		Release|Any CPU = Release|Any CPU
		Release|x64 = Release|x64
		Release|x86 = Release|x86
	EndGlobalSection
	GlobalSection(SolutionProperties) = preSolution
		HideSolutionNode = FALSE
	EndGlobalSection
	GlobalSection(ProjectConfigurationPlatforms) = postSolution
		{4FAD19E8-3471-4CD1-AF9B-62FECE306460}.Debug|Any CPU.ActiveCfg = Debug|Any CPU
		{4FAD19E8-3471-4CD1-AF9B-62FECE306460}.Debug|Any CPU.Build.0 = Debug|Any CPU
		{4FAD19E8-3471-4CD1-AF9B-62FECE306460}.Debug|x64.ActiveCfg = Debug|Any CPU
		{4FAD19E8-3471-4CD1-AF9B-62FECE306460}.Debug|x64.Build.0 = Debug|Any CPU
		{4FAD19E8-3471-4CD1-AF9B-62FECE306460}.Debug|x86.ActiveCfg = Debug|Any CPU
		{4FAD19E8-3471-4CD1-AF9B-62FECE306460}.Debug|x86.Build.0 = Debug|Any CPU
		{4FAD19E8-3471-4CD1-AF9B-62FECE306460}.Release|Any CPU.ActiveCfg = Release|Any CPU
		{4FAD19E8-3471-4CD1-AF9B-62FECE306460}.Release|Any CPU.Build.0 = Release|Any CPU
		{4FAD19E8-3471-4CD1-AF9B-62FECE306460}.Release|x64.ActiveCfg = Release|Any CPU
		{4FAD19E8-3471-4CD1-AF9B-62FECE306460}.Release|x64.Build.0 = Release|Any CPU
		{4FAD19E8-3471-4CD1-AF9B-62FECE306460}.Release|x86.ActiveCfg = Release|Any CPU
		{4FAD19E8-3471-4CD1-AF9B-62FECE306460}.Release|x86.Build.0 = Release|Any CPU
		{4C956B05-64DC-43D6-8647-488C6E0E9C08}.Debug|Any CPU.ActiveCfg = Debug|Any CPU
		{4C956B05-64DC-43D6-8647-488C6E0E9C08}.Debug|Any CPU.Build.0 = Debug|Any CPU
		{4C956B05-64DC-43D6-8647-488C6E0E9C08}.Debug|x64.ActiveCfg = Debug|Any CPU
		{4C956B05-64DC-43D6-8647-488C6E0E9C08}.Debug|x64.Build.0 = Debug|Any CPU
		{4C956B05-64DC-43D6-8647-488C6E0E9C08}.Debug|x86.ActiveCfg = Debug|Any CPU
		{4C956B05-64DC-43D6-8647-488C6E0E9C08}.Debug|x86.Build.0 = Debug|Any CPU
		{4C956B05-64DC-43D6-8647-488C6E0E9C08}.Release|Any CPU.ActiveCfg = Release|Any CPU
		{4C956B05-64DC-43D6-8647-488C6E0E9C08}.Release|Any CPU.Build.0 = Release|Any CPU
		{4C956B05-64DC-43D6-8647-488C6E0E9C08}.Release|x64.ActiveCfg = Release|Any CPU
		{4C956B05-64DC-43D6-8647-488C6E0E9C08}.Release|x64.Build.0 = Release|Any CPU
		{4C956B05-64DC-43D6-8647-488C6E0E9C08}.Release|x86.ActiveCfg = Release|Any CPU
		{4C956B05-64DC-43D6-8647-488C6E0E9C08}.Release|x86.Build.0 = Release|Any CPU
		{6DCF6BE9-43ED-4B57-8304-074978BD0556}.Debug|Any CPU.ActiveCfg = Debug|Any CPU
		{6DCF6BE9-43ED-4B57-8304-074978BD0556}.Debug|Any CPU.Build.0 = Debug|Any CPU
		{6DCF6BE9-43ED-4B57-8304-074978BD0556}.Debug|x64.ActiveCfg = Debug|Any CPU
		{6DCF6BE9-43ED-4B57-8304-074978BD0556}.Debug|x64.Build.0 = Debug|Any CPU
		{6DCF6BE9-43ED-4B57-8304-074978BD0556}.Debug|x86.ActiveCfg = Debug|Any CPU
		{6DCF6BE9-43ED-4B57-8304-074978BD0556}.Debug|x86.Build.0 = Debug|Any CPU
		{6DCF6BE9-43ED-4B57-8304-074978BD0556}.Release|Any CPU.ActiveCfg = Release|Any CPU
		{6DCF6BE9-43ED-4B57-8304-074978BD0556}.Release|Any CPU.Build.0 = Release|Any CPU
		{6DCF6BE9-43ED-4B57-8304-074978BD0556}.Release|x64.ActiveCfg = Release|Any CPU
		{6DCF6BE9-43ED-4B57-8304-074978BD0556}.Release|x64.Build.0 = Release|Any CPU
		{6DCF6BE9-43ED-4B57-8304-074978BD0556}.Release|x86.ActiveCfg = Release|Any CPU
		{6DCF6BE9-43ED-4B57-8304-074978BD0556}.Release|x86.Build.0 = Release|Any CPU
	EndGlobalSection
EndGlobal
